github.com/aws/aws-lambda-go v1.2.0 h1:2f0pbAKMNNhvOkjI9BCrwoeIiduSTlYpD0iKEN1neuQ=
github.com/aws/aws-lambda-go v1.2.0/go.mod h1:zUsUQhAUjYzR8AuduJPCfhBuKWUaDbQiPOG+ouzmE1A=
github.com/aws/aws-lambda-go/events v0.0.0-20180719153225-d7af11210ba6/go.mod h1:G7mAYYxgmS0lVkHyy2hEOLQCFB0DlQFTMLWggykrydY=
github.com/davecgh/go-spew v1.1.0 h1:ZDRjVQ15GmhC3fiQ8ni8+OwkZQO4DARzQgrnXU1Liz8=
github.com/davecgh/go-spew v1.1.0/go.mod h1:J7Y8YcW2NihsgmVo/mv3lAwl/skON4iLHjSsI+c5H38=
github.com/davecgh/go-spew/spew v0.0.0-20180221232628-8991bc29aa16/go.mod h1:G7mAYYxgmS0lVkHyy2hEOLQCFB0DlQFTMLWggykrydY=
github.com/pmezard/go-difflib v1.0.0 h1:4DBwDE0NGyQoBHbLQYPwSUPoCMWR5BEzIk/f1lZbAQM=
github.com/pmezard/go-difflib v1.0.0/go.mod h1:iKH77koFhYxTK1pcRnkKkqfTogsbg7gZNVY4sRDYZ/4=
github.com/pmezard/go-difflib/difflib v0.0.0-20160110105554-792786c7400a/go.mod h1:G7mAYYxgmS0lVkHyy2hEOLQCFB0DlQFTMLWggykrydY=
github.com/stretchr/testify v1.2.2 h1:bSDNvY7ZPG5RlJ8otE/7V6gMiyenm9RtJ7IUVIAoJ1w=
github.com/stretchr/testify v1.2.2/go.mod h1:a8OnRcib4nhh0OaRAV+Yts87kKdq0PP7pXfy6kDkUVs=
github.com/stretchr/testify/assert v0.0.0-20180609115518-f35b8ab0b5a2/go.mod h1:G7mAYYxgmS0lVkHyy2hEOLQCFB0DlQFTMLWggykrydY=
